
Microsoft Visual Studio Solution File, Format Version 12.00
# Visual Studio Version 17
VisualStudioVersion = 17.14.36109.1
MinimumVisualStudioVersion = 10.0.40219.1
Project("{FAE04EC0-301F-11D3-BF4B-00C04F79EFBC}") = "Minesweeper.Core", "Minesweeper.Core\Minesweeper.Core.csproj", "{8851A1F7-BB25-4AE3-AD74-C56FA9D9D350}"
EndProject
Project("{FAE04EC0-301F-11D3-BF4B-00C04F79EFBC}") = "Minesweeper.Tests", "Minesweeper.Tests\Minesweeper.Tests.csproj", "{8AED8F3E-A17D-4FA9-B79E-82573D23D573}"
EndProject
Project("{FAE04EC0-301F-11D3-BF4B-00C04F79EFBC}") = "Minesweeper.Application", "Minesweeper.Application\Minesweeper.Application.csproj", "{8F8346D8-B4CC-43DD-8046-9EB069F06F89}"
EndProject
Global
	GlobalSection(SolutionConfigurationPlatforms) = preSolution
		Debug|Any CPU = Debug|Any CPU
		Release|Any CPU = Release|Any CPU
	EndGlobalSection
	GlobalSection(ProjectConfigurationPlatforms) = postSolution
		{8851A1F7-BB25-4AE3-AD74-C56FA9D9D350}.Debug|Any CPU.ActiveCfg = Debug|Any CPU
		{8851A1F7-BB25-4AE3-AD74-C56FA9D9D350}.Debug|Any CPU.Build.0 = Debug|Any CPU
		{8851A1F7-BB25-4AE3-AD74-C56FA9D9D350}.Release|Any CPU.ActiveCfg = Release|Any CPU
		{8851A1F7-BB25-4AE3-AD74-C56FA9D9D350}.Release|Any CPU.Build.0 = Release|Any CPU
		{8AED8F3E-A17D-4FA9-B79E-82573D23D573}.Debug|Any CPU.ActiveCfg = Debug|Any CPU
		{8AED8F3E-A17D-4FA9-B79E-82573D23D573}.Debug|Any CPU.Build.0 = Debug|Any CPU
		{8AED8F3E-A17D-4FA9-B79E-82573D23D573}.Release|Any CPU.ActiveCfg = Release|Any CPU
		{8AED8F3E-A17D-4FA9-B79E-82573D23D573}.Release|Any CPU.Build.0 = Release|Any CPU
		{8F8346D8-B4CC-43DD-8046-9EB069F06F89}.Debug|Any CPU.ActiveCfg = Debug|Any CPU
		{8F8346D8-B4CC-43DD-8046-9EB069F06F89}.Debug|Any CPU.Build.0 = Debug|Any CPU
		{8F8346D8-B4CC-43DD-8046-9EB069F06F89}.Release|Any CPU.ActiveCfg = Release|Any CPU
		{8F8346D8-B4CC-43DD-8046-9EB069F06F89}.Release|Any CPU.Build.0 = Release|Any CPU
	EndGlobalSection
	GlobalSection(SolutionProperties) = preSolution
		HideSolutionNode = FALSE
	EndGlobalSection
	GlobalSection(ExtensibilityGlobals) = postSolution
		SolutionGuid = {95EF672A-342C-49E8-A285-65C20455D867}
	EndGlobalSection
EndGlobal
